
Microsoft Visual Studio Solution File, Format Version 12.00
# Visual Studio 14
VisualStudioVersion = 14.0.25420.1
MinimumVisualStudioVersion = 10.0.40219.1
Project("{FAE04EC0-301F-11D3-BF4B-00C04F79EFBC}") = "sport_complex", "sport_complex\sport_complex.csproj", "{F0618699-D1B1-4365-8C21-21C8F1C7635E}"
EndProject
Project("{FAE04EC0-301F-11D3-BF4B-00C04F79EFBC}") = "ClassLibrary", "ClassLibrary\ClassLibrary.csproj", "{DEE1D522-B089-44C5-B54C-95802F1164BD}"
EndProject
Global
	GlobalSection(SolutionConfigurationPlatforms) = preSolution
		Debug|Any CPU = Debug|Any CPU
		Release|Any CPU = Release|Any CPU
	EndGlobalSection
	GlobalSection(ProjectConfigurationPlatforms) = postSolution
		{F0618699-D1B1-4365-8C21-21C8F1C7635E}.Debug|Any CPU.ActiveCfg = Debug|Any CPU
		{F0618699-D1B1-4365-8C21-21C8F1C7635E}.Debug|Any CPU.Build.0 = Debug|Any CPU
		{F0618699-D1B1-4365-8C21-21C8F1C7635E}.Release|Any CPU.ActiveCfg = Release|Any CPU
		{F0618699-D1B1-4365-8C21-21C8F1C7635E}.Release|Any CPU.Build.0 = Release|Any CPU
		{DEE1D522-B089-44C5-B54C-95802F1164BD}.Debug|Any CPU.ActiveCfg = Debug|Any CPU
		{DEE1D522-B089-44C5-B54C-95802F1164BD}.Debug|Any CPU.Build.0 = Debug|Any CPU
		{DEE1D522-B089-44C5-B54C-95802F1164BD}.Release|Any CPU.ActiveCfg = Release|Any CPU
		{DEE1D522-B089-44C5-B54C-95802F1164BD}.Release|Any CPU.Build.0 = Release|Any CPU
	EndGlobalSection
	GlobalSection(SolutionProperties) = preSolution
		HideSolutionNode = FALSE
	EndGlobalSection
EndGlobal
